# This file is generated by running "yarn install" inside your project.
# Manual changes might be lost - proceed with caution!

__metadata:
  version: 8
  cacheKey: 10c0

"prettier@npm:3.8.2":
  version: 3.8.2
  resolution: "prettier@npm:3.8.2"
  bin:
    prettier: bin/prettier.cjs
  checksum: 10c0/2d64bd01d269c8dd6d8c423a2a2e1fb88230a53aac523204b327de40059ccf8bd8e6fe70b8ce6154b97ed4442e9fd878504ff8a5330f3a4f64bd13d1576f7652
  languageName: node
  linkType: hard

"root-workspace-0b6124@workspace:.":
  version: 0.0.0-use.local
  resolution: "root-workspace-0b6124@workspace:."
  dependencies:
    prettier: "npm:3.8.2"
  languageName: unknown
  linkType: soft
