# This file is generated by running "yarn install" inside your project.
# Manual changes might be lost - proceed with caution!

__metadata:
  version: 8
  cacheKey: 10c0

"prettier@npm:3.9.1":
  version: 3.9.1
  resolution: "prettier@npm:3.9.1"
  bin:
    prettier: bin/prettier.cjs
  checksum: 10c0/036bd6dadad577356440945deb3271668c6b6e4094e2873ffa54e14131c21915d4eefad94f53d21a08776aa1c0f5a40dcb01151c2af753f9596e15f5e97fad9d
  languageName: node
  linkType: hard

"root-workspace-0b6124@workspace:.":
  version: 0.0.0-use.local
  resolution: "root-workspace-0b6124@workspace:."
  dependencies:
    prettier: "npm:3.9.1"
  languageName: unknown
  linkType: soft
